
Microsoft Visual Studio Solution File, Format Version 10.00
# Visual Studio 2008
Project("{8BC9CEB8-8B4A-11D0-8D11-00A0C91BC942}") = "LinkedList", "LinkedList\LinkedList.vcproj", "{AA8F9E9A-27AF-4EE6-8D5A-E50C25E9EAFE}"
EndProject
Global
	GlobalSection(SolutionConfigurationPlatforms) = preSolution
		Debug|Win32 = Debug|Win32
		Release|Win32 = Release|Win32
	EndGlobalSection
	GlobalSection(ProjectConfigurationPlatforms) = postSolution
		{AA8F9E9A-27AF-4EE6-8D5A-E50C25E9EAFE}.Debug|Win32.ActiveCfg = Debug|Win32
		{AA8F9E9A-27AF-4EE6-8D5A-E50C25E9EAFE}.Debug|Win32.Build.0 = Debug|Win32
		{AA8F9E9A-27AF-4EE6-8D5A-E50C25E9EAFE}.Release|Win32.ActiveCfg = Release|Win32
		{AA8F9E9A-27AF-4EE6-8D5A-E50C25E9EAFE}.Release|Win32.Build.0 = Release|Win32
	EndGlobalSection
	GlobalSection(SolutionProperties) = preSolution
		HideSolutionNode = FALSE
	EndGlobalSection
EndGlobal
